
Microsoft Visual Studio Solution File, Format Version 12.00
# Visual Studio Version 17
VisualStudioVersion = 17.2.32526.322
MinimumVisualStudioVersion = 10.0.40219.1
Project("{9A19103F-16F7-4668-BE54-9A1E7A4F7556}") = "AktienVergleich", "AktienVergleich.csproj", "{7CD19619-0EC6-4499-9BAD-ED241426610A}"
EndProject
Global
	GlobalSection(SolutionConfigurationPlatforms) = preSolution
		Debug|Any CPU = Debug|Any CPU
		Release|Any CPU = Release|Any CPU
	EndGlobalSection
	GlobalSection(ProjectConfigurationPlatforms) = postSolution
		{7CD19619-0EC6-4499-9BAD-ED241426610A}.Debug|Any CPU.ActiveCfg = Debug|Any CPU
		{7CD19619-0EC6-4499-9BAD-ED241426610A}.Debug|Any CPU.Build.0 = Debug|Any CPU
		{7CD19619-0EC6-4499-9BAD-ED241426610A}.Release|Any CPU.ActiveCfg = Release|Any CPU
		{7CD19619-0EC6-4499-9BAD-ED241426610A}.Release|Any CPU.Build.0 = Release|Any CPU
	EndGlobalSection
	GlobalSection(SolutionProperties) = preSolution
		HideSolutionNode = FALSE
	EndGlobalSection
	GlobalSection(ExtensibilityGlobals) = postSolution
		SolutionGuid = {C046B7EE-7218-4A29-B4B2-4A67687A3C5C}
	EndGlobalSection
EndGlobal
